
Microsoft Visual Studio Solution File, Format Version 12.00
# Visual Studio Version 17
VisualStudioVersion = 17.4.33122.133
MinimumVisualStudioVersion = 10.0.40219.1
Project("{FAE04EC0-301F-11D3-BF4B-00C04F79EFBC}") = "Telstar", "Telstar\Telstar.csproj", "{FF8B96FE-DC11-473E-97AB-71F789936B1A}"
EndProject
Project("{FAE04EC0-301F-11D3-BF4B-00C04F79EFBC}") = "Telstar.test", "Telstar.test\Telstar.test.csproj", "{0DAAE7B4-7AFC-47C8-B917-E086CB72B913}"
EndProject
Global
	GlobalSection(SolutionConfigurationPlatforms) = preSolution
		Debug|Any CPU = Debug|Any CPU
		Release|Any CPU = Release|Any CPU
	EndGlobalSection
	GlobalSection(ProjectConfigurationPlatforms) = postSolution
		{FF8B96FE-DC11-473E-97AB-71F789936B1A}.Debug|Any CPU.ActiveCfg = Debug|Any CPU
		{FF8B96FE-DC11-473E-97AB-71F789936B1A}.Debug|Any CPU.Build.0 = Debug|Any CPU
		{FF8B96FE-DC11-473E-97AB-71F789936B1A}.Release|Any CPU.ActiveCfg = Release|Any CPU
		{FF8B96FE-DC11-473E-97AB-71F789936B1A}.Release|Any CPU.Build.0 = Release|Any CPU
		{0DAAE7B4-7AFC-47C8-B917-E086CB72B913}.Debug|Any CPU.ActiveCfg = Debug|Any CPU
		{0DAAE7B4-7AFC-47C8-B917-E086CB72B913}.Debug|Any CPU.Build.0 = Debug|Any CPU
		{0DAAE7B4-7AFC-47C8-B917-E086CB72B913}.Release|Any CPU.ActiveCfg = Release|Any CPU
		{0DAAE7B4-7AFC-47C8-B917-E086CB72B913}.Release|Any CPU.Build.0 = Release|Any CPU
	EndGlobalSection
	GlobalSection(SolutionProperties) = preSolution
		HideSolutionNode = FALSE
	EndGlobalSection
	GlobalSection(ExtensibilityGlobals) = postSolution
		SolutionGuid = {91FD607B-16E0-48FE-9F11-6F9207931E6D}
	EndGlobalSection
EndGlobal
